# This file is automatically @generated by Cargo.
# It is not intended for manual editing.
version = 4

[[package]]
name = "libvctrl"
version = "1.0.0"

[[package]]
name = "libvctrl_core"
version = "0.1.0"

[[package]]
name = "libvctrl_handler"
version = "1.0.0"

[[package]]
name = "libvctrl_plumbing"
version = "0.1.0"

[[package]]
name = "libvctrl_porcelain"
version = "0.1.0"
